
Microsoft Visual Studio Solution File, Format Version 12.00
# Visual Studio Version 17
VisualStudioVersion = 17.3.32825.248
MinimumVisualStudioVersion = 10.0.40219.1
Project("{F184B08F-C81C-45F6-A57F-5ABD9991F28F}") = "Test", "Test\Test.vbproj", "{A8DC4934-E563-4DE7-95B6-83CBBCB7A1D2}"
EndProject
Project("{8BC9CEB8-8B4A-11D0-8D11-00A0C91BC942}") = "vShadow-xp64", "vShadow\vShadow-xp64.vcxproj", "{DCFB6DF6-3685-47FE-8772-FF249A462047}"
EndProject
Project("{8BC9CEB8-8B4A-11D0-8D11-00A0C91BC942}") = "vShadow-xp32", "vShadow\vShadow-xp32.vcxproj", "{4498A3F6-8706-4105-A0AF-5006E74C8C54}"
EndProject
Project("{8BC9CEB8-8B4A-11D0-8D11-00A0C91BC942}") = "vShadow-vista32", "vShadow\vShadow-vista32.vcxproj", "{62E2FE75-A3DE-457D-96A0-D8D5DD857F19}"
EndProject
Project("{8BC9CEB8-8B4A-11D0-8D11-00A0C91BC942}") = "vShadow-08svr64", "vShadow\vShadow-08svr64.vcxproj", "{07077B71-FC20-499E-8CF1-6CEFB75C88B4}"
EndProject
Project("{8BC9CEB8-8B4A-11D0-8D11-00A0C91BC942}") = "vShadow-08svr32", "vShadow\vShadow-08svr32.vcxproj", "{43FF2C1E-B62F-42B0-AB75-630DEFCAD63E}"
EndProject
Project("{8BC9CEB8-8B4A-11D0-8D11-00A0C91BC942}") = "vShadow-03svr64", "vShadow\vShadow-03svr64.vcxproj", "{F255EDFC-5449-46B6-9F79-14F26EEB7123}"
EndProject
Project("{8BC9CEB8-8B4A-11D0-8D11-00A0C91BC942}") = "vShadow-03svr32", "vShadow\vShadow-vista64.vcxproj", "{DC99D65F-CCE6-4877-A9FB-855BD3E67DC6}"
EndProject
Project("{8BC9CEB8-8B4A-11D0-8D11-00A0C91BC942}") = "vShadow-vista64", "vShadow\vShadow-03svr32.vcxproj", "{C1272AFC-3929-45B5-A230-C46364740034}"
EndProject
Project("{8BC9CEB8-8B4A-11D0-8D11-00A0C91BC942}") = "vShadow-win764", "vShadow\vShadow-win764.vcxproj", "{C62B2353-3296-4213-BCF5-18665B612C0C}"
EndProject
Project("{8BC9CEB8-8B4A-11D0-8D11-00A0C91BC942}") = "vShadow-win732", "vShadow\vShadow-win732.vcxproj", "{50241B71-FE07-4C82-97EC-9F002B90743F}"
EndProject
Project("{F184B08F-C81C-45F6-A57F-5ABD9991F28F}") = "vShadowLib", "vShadowLib\vShadowLib.vbproj", "{70AD6FB0-905F-4BEF-9FEF-D57A9FEBE07E}"
EndProject
Global
	GlobalSection(SolutionConfigurationPlatforms) = preSolution
		Debug|Any CPU = Debug|Any CPU
		Debug|Mixed Platforms = Debug|Mixed Platforms
		Debug|Win32 = Debug|Win32
		Debug|Windows Mobile 5.0 Pocket PC SDK (ARMV4I) = Debug|Windows Mobile 5.0 Pocket PC SDK (ARMV4I)
		Debug|x64 = Debug|x64
		Release|Any CPU = Release|Any CPU
		Release|Mixed Platforms = Release|Mixed Platforms
		Release|Win32 = Release|Win32
		Release|Windows Mobile 5.0 Pocket PC SDK (ARMV4I) = Release|Windows Mobile 5.0 Pocket PC SDK (ARMV4I)
		Release|x64 = Release|x64
	EndGlobalSection
	GlobalSection(ProjectConfigurationPlatforms) = postSolution
		{A8DC4934-E563-4DE7-95B6-83CBBCB7A1D2}.Debug|Any CPU.ActiveCfg = Debug|Any CPU
		{A8DC4934-E563-4DE7-95B6-83CBBCB7A1D2}.Debug|Any CPU.Build.0 = Debug|Any CPU
		{A8DC4934-E563-4DE7-95B6-83CBBCB7A1D2}.Debug|Mixed Platforms.ActiveCfg = Debug|Any CPU
		{A8DC4934-E563-4DE7-95B6-83CBBCB7A1D2}.Debug|Mixed Platforms.Build.0 = Debug|Any CPU
		{A8DC4934-E563-4DE7-95B6-83CBBCB7A1D2}.Debug|Win32.ActiveCfg = Debug|Any CPU
		{A8DC4934-E563-4DE7-95B6-83CBBCB7A1D2}.Debug|Windows Mobile 5.0 Pocket PC SDK (ARMV4I).ActiveCfg = Debug|Any CPU
		{A8DC4934-E563-4DE7-95B6-83CBBCB7A1D2}.Debug|x64.ActiveCfg = Debug|Any CPU
		{A8DC4934-E563-4DE7-95B6-83CBBCB7A1D2}.Debug|x64.Build.0 = Debug|Any CPU
		{A8DC4934-E563-4DE7-95B6-83CBBCB7A1D2}.Release|Any CPU.ActiveCfg = Release|Any CPU
		{A8DC4934-E563-4DE7-95B6-83CBBCB7A1D2}.Release|Any CPU.Build.0 = Release|Any CPU
		{A8DC4934-E563-4DE7-95B6-83CBBCB7A1D2}.Release|Mixed Platforms.ActiveCfg = Release|Any CPU
		{A8DC4934-E563-4DE7-95B6-83CBBCB7A1D2}.Release|Mixed Platforms.Build.0 = Release|Any CPU
		{A8DC4934-E563-4DE7-95B6-83CBBCB7A1D2}.Release|Win32.ActiveCfg = Release|Any CPU
		{A8DC4934-E563-4DE7-95B6-83CBBCB7A1D2}.Release|Windows Mobile 5.0 Pocket PC SDK (ARMV4I).ActiveCfg = Release|Any CPU
		{A8DC4934-E563-4DE7-95B6-83CBBCB7A1D2}.Release|x64.ActiveCfg = Release|Any CPU
		{DCFB6DF6-3685-47FE-8772-FF249A462047}.Debug|Any CPU.ActiveCfg = Debug|Win32
		{DCFB6DF6-3685-47FE-8772-FF249A462047}.Debug|Mixed Platforms.ActiveCfg = Debug|Win32
		{DCFB6DF6-3685-47FE-8772-FF249A462047}.Debug|Mixed Platforms.Build.0 = Debug|Win32
		{DCFB6DF6-3685-47FE-8772-FF249A462047}.Debug|Win32.ActiveCfg = Debug|Win32
		{DCFB6DF6-3685-47FE-8772-FF249A462047}.Debug|Win32.Build.0 = Debug|Win32
		{DCFB6DF6-3685-47FE-8772-FF249A462047}.Debug|Windows Mobile 5.0 Pocket PC SDK (ARMV4I).ActiveCfg = Debug|Win32
		{DCFB6DF6-3685-47FE-8772-FF249A462047}.Debug|x64.ActiveCfg = Debug|x64
		{DCFB6DF6-3685-47FE-8772-FF249A462047}.Release|Any CPU.ActiveCfg = Release|Win32
		{DCFB6DF6-3685-47FE-8772-FF249A462047}.Release|Any CPU.Build.0 = Release|Win32
		{DCFB6DF6-3685-47FE-8772-FF249A462047}.Release|Mixed Platforms.ActiveCfg = Release|Win32
		{DCFB6DF6-3685-47FE-8772-FF249A462047}.Release|Mixed Platforms.Build.0 = Release|Win32
		{DCFB6DF6-3685-47FE-8772-FF249A462047}.Release|Win32.ActiveCfg = Release|Win32
		{DCFB6DF6-3685-47FE-8772-FF249A462047}.Release|Win32.Build.0 = Release|Win32
		{DCFB6DF6-3685-47FE-8772-FF249A462047}.Release|Windows Mobile 5.0 Pocket PC SDK (ARMV4I).ActiveCfg = Release|x64
		{DCFB6DF6-3685-47FE-8772-FF249A462047}.Release|x64.ActiveCfg = Release|x64
		{DCFB6DF6-3685-47FE-8772-FF249A462047}.Release|x64.Build.0 = Release|x64
		{4498A3F6-8706-4105-A0AF-5006E74C8C54}.Debug|Any CPU.ActiveCfg = Debug|Win32
		{4498A3F6-8706-4105-A0AF-5006E74C8C54}.Debug|Mixed Platforms.ActiveCfg = Debug|Win32
		{4498A3F6-8706-4105-A0AF-5006E74C8C54}.Debug|Mixed Platforms.Build.0 = Debug|Win32
		{4498A3F6-8706-4105-A0AF-5006E74C8C54}.Debug|Win32.ActiveCfg = Debug|Win32
		{4498A3F6-8706-4105-A0AF-5006E74C8C54}.Debug|Win32.Build.0 = Debug|Win32
		{4498A3F6-8706-4105-A0AF-5006E74C8C54}.Debug|Windows Mobile 5.0 Pocket PC SDK (ARMV4I).ActiveCfg = Debug|Win32
		{4498A3F6-8706-4105-A0AF-5006E74C8C54}.Debug|x64.ActiveCfg = Debug|Win32
		{4498A3F6-8706-4105-A0AF-5006E74C8C54}.Release|Any CPU.ActiveCfg = Release|Win32
		{4498A3F6-8706-4105-A0AF-5006E74C8C54}.Release|Any CPU.Build.0 = Release|Win32
		{4498A3F6-8706-4105-A0AF-5006E74C8C54}.Release|Mixed Platforms.ActiveCfg = Release|Win32
		{4498A3F6-8706-4105-A0AF-5006E74C8C54}.Release|Mixed Platforms.Build.0 = Release|Win32
		{4498A3F6-8706-4105-A0AF-5006E74C8C54}.Release|Win32.ActiveCfg = Release|Win32
		{4498A3F6-8706-4105-A0AF-5006E74C8C54}.Release|Win32.Build.0 = Release|Win32
		{4498A3F6-8706-4105-A0AF-5006E74C8C54}.Release|Windows Mobile 5.0 Pocket PC SDK (ARMV4I).ActiveCfg = Release|Win32
		{4498A3F6-8706-4105-A0AF-5006E74C8C54}.Release|x64.ActiveCfg = Release|Win32
		{4498A3F6-8706-4105-A0AF-5006E74C8C54}.Release|x64.Build.0 = Release|Win32
		{62E2FE75-A3DE-457D-96A0-D8D5DD857F19}.Debug|Any CPU.ActiveCfg = Debug|Win32
		{62E2FE75-A3DE-457D-96A0-D8D5DD857F19}.Debug|Mixed Platforms.ActiveCfg = Debug|Win32
		{62E2FE75-A3DE-457D-96A0-D8D5DD857F19}.Debug|Mixed Platforms.Build.0 = Debug|Win32
		{62E2FE75-A3DE-457D-96A0-D8D5DD857F19}.Debug|Win32.ActiveCfg = Debug|Win32
		{62E2FE75-A3DE-457D-96A0-D8D5DD857F19}.Debug|Win32.Build.0 = Debug|Win32
		{62E2FE75-A3DE-457D-96A0-D8D5DD857F19}.Debug|Windows Mobile 5.0 Pocket PC SDK (ARMV4I).ActiveCfg = Debug|Win32
		{62E2FE75-A3DE-457D-96A0-D8D5DD857F19}.Debug|x64.ActiveCfg = Debug|Win32
		{62E2FE75-A3DE-457D-96A0-D8D5DD857F19}.Release|Any CPU.ActiveCfg = Release|Win32
		{62E2FE75-A3DE-457D-96A0-D8D5DD857F19}.Release|Any CPU.Build.0 = Release|Win32
		{62E2FE75-A3DE-457D-96A0-D8D5DD857F19}.Release|Mixed Platforms.ActiveCfg = Release|Win32
		{62E2FE75-A3DE-457D-96A0-D8D5DD857F19}.Release|Mixed Platforms.Build.0 = Release|Win32
		{62E2FE75-A3DE-457D-96A0-D8D5DD857F19}.Release|Win32.ActiveCfg = Release|Win32
		{62E2FE75-A3DE-457D-96A0-D8D5DD857F19}.Release|Win32.Build.0 = Release|Win32
		{62E2FE75-A3DE-457D-96A0-D8D5DD857F19}.Release|Windows Mobile 5.0 Pocket PC SDK (ARMV4I).ActiveCfg = Release|Win32
		{62E2FE75-A3DE-457D-96A0-D8D5DD857F19}.Release|x64.ActiveCfg = Release|Win32
		{62E2FE75-A3DE-457D-96A0-D8D5DD857F19}.Release|x64.Build.0 = Release|Win32
		{07077B71-FC20-499E-8CF1-6CEFB75C88B4}.Debug|Any CPU.ActiveCfg = Debug|Win32
		{07077B71-FC20-499E-8CF1-6CEFB75C88B4}.Debug|Mixed Platforms.ActiveCfg = Debug|Win32
		{07077B71-FC20-499E-8CF1-6CEFB75C88B4}.Debug|Mixed Platforms.Build.0 = Debug|Win32
		{07077B71-FC20-499E-8CF1-6CEFB75C88B4}.Debug|Win32.ActiveCfg = Debug|Win32
		{07077B71-FC20-499E-8CF1-6CEFB75C88B4}.Debug|Win32.Build.0 = Debug|Win32
		{07077B71-FC20-499E-8CF1-6CEFB75C88B4}.Debug|Windows Mobile 5.0 Pocket PC SDK (ARMV4I).ActiveCfg = Debug|Windows Mobile 5.0 Pocket PC SDK (ARMV4I)
		{07077B71-FC20-499E-8CF1-6CEFB75C88B4}.Debug|Windows Mobile 5.0 Pocket PC SDK (ARMV4I).Build.0 = Debug|Windows Mobile 5.0 Pocket PC SDK (ARMV4I)
		{07077B71-FC20-499E-8CF1-6CEFB75C88B4}.Debug|Windows Mobile 5.0 Pocket PC SDK (ARMV4I).Deploy.0 = Debug|Windows Mobile 5.0 Pocket PC SDK (ARMV4I)
		{07077B71-FC20-499E-8CF1-6CEFB75C88B4}.Debug|x64.ActiveCfg = Debug|x64
		{07077B71-FC20-499E-8CF1-6CEFB75C88B4}.Debug|x64.Build.0 = Debug|x64
		{07077B71-FC20-499E-8CF1-6CEFB75C88B4}.Release|Any CPU.ActiveCfg = Release|x64
		{07077B71-FC20-499E-8CF1-6CEFB75C88B4}.Release|Any CPU.Build.0 = Release|x64
		{07077B71-FC20-499E-8CF1-6CEFB75C88B4}.Release|Mixed Platforms.ActiveCfg = Release|Win32
		{07077B71-FC20-499E-8CF1-6CEFB75C88B4}.Release|Mixed Platforms.Build.0 = Release|Win32
		{07077B71-FC20-499E-8CF1-6CEFB75C88B4}.Release|Win32.ActiveCfg = Release|Win32
		{07077B71-FC20-499E-8CF1-6CEFB75C88B4}.Release|Win32.Build.0 = Release|Win32
		{07077B71-FC20-499E-8CF1-6CEFB75C88B4}.Release|Windows Mobile 5.0 Pocket PC SDK (ARMV4I).ActiveCfg = Release|x64
		{07077B71-FC20-499E-8CF1-6CEFB75C88B4}.Release|Windows Mobile 5.0 Pocket PC SDK (ARMV4I).Build.0 = Release|x64
		{07077B71-FC20-499E-8CF1-6CEFB75C88B4}.Release|Windows Mobile 5.0 Pocket PC SDK (ARMV4I).Deploy.0 = Release|x64
		{07077B71-FC20-499E-8CF1-6CEFB75C88B4}.Release|x64.ActiveCfg = Release|x64
		{07077B71-FC20-499E-8CF1-6CEFB75C88B4}.Release|x64.Build.0 = Release|x64
		{43FF2C1E-B62F-42B0-AB75-630DEFCAD63E}.Debug|Any CPU.ActiveCfg = Debug|Win32
		{43FF2C1E-B62F-42B0-AB75-630DEFCAD63E}.Debug|Mixed Platforms.ActiveCfg = Debug|Win32
		{43FF2C1E-B62F-42B0-AB75-630DEFCAD63E}.Debug|Mixed Platforms.Build.0 = Debug|Win32
		{43FF2C1E-B62F-42B0-AB75-630DEFCAD63E}.Debug|Win32.ActiveCfg = Debug|Win32
		{43FF2C1E-B62F-42B0-AB75-630DEFCAD63E}.Debug|Win32.Build.0 = Debug|Win32
		{43FF2C1E-B62F-42B0-AB75-630DEFCAD63E}.Debug|Windows Mobile 5.0 Pocket PC SDK (ARMV4I).ActiveCfg = Debug|Win32
		{43FF2C1E-B62F-42B0-AB75-630DEFCAD63E}.Debug|x64.ActiveCfg = Debug|Win32
		{43FF2C1E-B62F-42B0-AB75-630DEFCAD63E}.Release|Any CPU.ActiveCfg = Release|Win32
		{43FF2C1E-B62F-42B0-AB75-630DEFCAD63E}.Release|Any CPU.Build.0 = Release|Win32
		{43FF2C1E-B62F-42B0-AB75-630DEFCAD63E}.Release|Mixed Platforms.ActiveCfg = Release|Win32
		{43FF2C1E-B62F-42B0-AB75-630DEFCAD63E}.Release|Mixed Platforms.Build.0 = Release|Win32
		{43FF2C1E-B62F-42B0-AB75-630DEFCAD63E}.Release|Win32.ActiveCfg = Release|Win32
		{43FF2C1E-B62F-42B0-AB75-630DEFCAD63E}.Release|Win32.Build.0 = Release|Win32
		{43FF2C1E-B62F-42B0-AB75-630DEFCAD63E}.Release|Windows Mobile 5.0 Pocket PC SDK (ARMV4I).ActiveCfg = Release|Win32
		{43FF2C1E-B62F-42B0-AB75-630DEFCAD63E}.Release|x64.ActiveCfg = Release|Win32
		{43FF2C1E-B62F-42B0-AB75-630DEFCAD63E}.Release|x64.Build.0 = Release|Win32
		{F255EDFC-5449-46B6-9F79-14F26EEB7123}.Debug|Any CPU.ActiveCfg = Debug|Win32
		{F255EDFC-5449-46B6-9F79-14F26EEB7123}.Debug|Mixed Platforms.ActiveCfg = Debug|Win32
		{F255EDFC-5449-46B6-9F79-14F26EEB7123}.Debug|Mixed Platforms.Build.0 = Debug|Win32
		{F255EDFC-5449-46B6-9F79-14F26EEB7123}.Debug|Win32.ActiveCfg = Debug|Win32
		{F255EDFC-5449-46B6-9F79-14F26EEB7123}.Debug|Win32.Build.0 = Debug|Win32
		{F255EDFC-5449-46B6-9F79-14F26EEB7123}.Debug|Windows Mobile 5.0 Pocket PC SDK (ARMV4I).ActiveCfg = Debug|Win32
		{F255EDFC-5449-46B6-9F79-14F26EEB7123}.Debug|x64.ActiveCfg = Debug|x64
		{F255EDFC-5449-46B6-9F79-14F26EEB7123}.Release|Any CPU.ActiveCfg = Release|x64
		{F255EDFC-5449-46B6-9F79-14F26EEB7123}.Release|Any CPU.Build.0 = Release|x64
		{F255EDFC-5449-46B6-9F79-14F26EEB7123}.Release|Mixed Platforms.ActiveCfg = Release|Win32
		{F255EDFC-5449-46B6-9F79-14F26EEB7123}.Release|Mixed Platforms.Build.0 = Release|Win32
		{F255EDFC-5449-46B6-9F79-14F26EEB7123}.Release|Win32.ActiveCfg = Release|Win32
		{F255EDFC-5449-46B6-9F79-14F26EEB7123}.Release|Win32.Build.0 = Release|Win32
		{F255EDFC-5449-46B6-9F79-14F26EEB7123}.Release|Windows Mobile 5.0 Pocket PC SDK (ARMV4I).ActiveCfg = Release|x64
		{F255EDFC-5449-46B6-9F79-14F26EEB7123}.Release|x64.ActiveCfg = Release|x64
		{F255EDFC-5449-46B6-9F79-14F26EEB7123}.Release|x64.Build.0 = Release|x64
		{DC99D65F-CCE6-4877-A9FB-855BD3E67DC6}.Debug|Any CPU.ActiveCfg = Debug|Win32
		{DC99D65F-CCE6-4877-A9FB-855BD3E67DC6}.Debug|Mixed Platforms.ActiveCfg = Debug|Win32
		{DC99D65F-CCE6-4877-A9FB-855BD3E67DC6}.Debug|Mixed Platforms.Build.0 = Debug|Win32
		{DC99D65F-CCE6-4877-A9FB-855BD3E67DC6}.Debug|Win32.ActiveCfg = Debug|Win32
		{DC99D65F-CCE6-4877-A9FB-855BD3E67DC6}.Debug|Win32.Build.0 = Debug|Win32
		{DC99D65F-CCE6-4877-A9FB-855BD3E67DC6}.Debug|Windows Mobile 5.0 Pocket PC SDK (ARMV4I).ActiveCfg = Debug|Win32
		{DC99D65F-CCE6-4877-A9FB-855BD3E67DC6}.Debug|x64.ActiveCfg = Debug|Win32
		{DC99D65F-CCE6-4877-A9FB-855BD3E67DC6}.Release|Any CPU.ActiveCfg = Release|Win32
		{DC99D65F-CCE6-4877-A9FB-855BD3E67DC6}.Release|Any CPU.Build.0 = Release|Win32
		{DC99D65F-CCE6-4877-A9FB-855BD3E67DC6}.Release|Mixed Platforms.ActiveCfg = Release|Win32
		{DC99D65F-CCE6-4877-A9FB-855BD3E67DC6}.Release|Mixed Platforms.Build.0 = Release|Win32
		{DC99D65F-CCE6-4877-A9FB-855BD3E67DC6}.Release|Win32.ActiveCfg = Release|Win32
		{DC99D65F-CCE6-4877-A9FB-855BD3E67DC6}.Release|Win32.Build.0 = Release|Win32
		{DC99D65F-CCE6-4877-A9FB-855BD3E67DC6}.Release|Windows Mobile 5.0 Pocket PC SDK (ARMV4I).ActiveCfg = Release|Win32
		{DC99D65F-CCE6-4877-A9FB-855BD3E67DC6}.Release|x64.ActiveCfg = Release|Win32
		{DC99D65F-CCE6-4877-A9FB-855BD3E67DC6}.Release|x64.Build.0 = Release|Win32
		{C1272AFC-3929-45B5-A230-C46364740034}.Debug|Any CPU.ActiveCfg = Debug|Win32
		{C1272AFC-3929-45B5-A230-C46364740034}.Debug|Mixed Platforms.ActiveCfg = Debug|Win32
		{C1272AFC-3929-45B5-A230-C46364740034}.Debug|Mixed Platforms.Build.0 = Debug|Win32
		{C1272AFC-3929-45B5-A230-C46364740034}.Debug|Win32.ActiveCfg = Debug|Win32
		{C1272AFC-3929-45B5-A230-C46364740034}.Debug|Win32.Build.0 = Debug|Win32
		{C1272AFC-3929-45B5-A230-C46364740034}.Debug|Windows Mobile 5.0 Pocket PC SDK (ARMV4I).ActiveCfg = Debug|Win32
		{C1272AFC-3929-45B5-A230-C46364740034}.Debug|x64.ActiveCfg = Debug|x64
		{C1272AFC-3929-45B5-A230-C46364740034}.Release|Any CPU.ActiveCfg = Release|x64
		{C1272AFC-3929-45B5-A230-C46364740034}.Release|Any CPU.Build.0 = Release|x64
		{C1272AFC-3929-45B5-A230-C46364740034}.Release|Mixed Platforms.ActiveCfg = Release|Win32
		{C1272AFC-3929-45B5-A230-C46364740034}.Release|Mixed Platforms.Build.0 = Release|Win32
		{C1272AFC-3929-45B5-A230-C46364740034}.Release|Win32.ActiveCfg = Release|Win32
		{C1272AFC-3929-45B5-A230-C46364740034}.Release|Win32.Build.0 = Release|Win32
		{C1272AFC-3929-45B5-A230-C46364740034}.Release|Windows Mobile 5.0 Pocket PC SDK (ARMV4I).ActiveCfg = Release|Win32
		{C1272AFC-3929-45B5-A230-C46364740034}.Release|x64.ActiveCfg = Release|x64
		{C1272AFC-3929-45B5-A230-C46364740034}.Release|x64.Build.0 = Release|x64
		{C62B2353-3296-4213-BCF5-18665B612C0C}.Debug|Any CPU.ActiveCfg = Debug|Win32
		{C62B2353-3296-4213-BCF5-18665B612C0C}.Debug|Mixed Platforms.ActiveCfg = Debug|Win32
		{C62B2353-3296-4213-BCF5-18665B612C0C}.Debug|Mixed Platforms.Build.0 = Debug|Win32
		{C62B2353-3296-4213-BCF5-18665B612C0C}.Debug|Win32.ActiveCfg = Debug|Win32
		{C62B2353-3296-4213-BCF5-18665B612C0C}.Debug|Win32.Build.0 = Debug|Win32
		{C62B2353-3296-4213-BCF5-18665B612C0C}.Debug|Windows Mobile 5.0 Pocket PC SDK (ARMV4I).ActiveCfg = Debug|Win32
		{C62B2353-3296-4213-BCF5-18665B612C0C}.Debug|x64.ActiveCfg = Debug|x64
		{C62B2353-3296-4213-BCF5-18665B612C0C}.Debug|x64.Build.0 = Debug|x64
		{C62B2353-3296-4213-BCF5-18665B612C0C}.Release|Any CPU.ActiveCfg = Release|Win32
		{C62B2353-3296-4213-BCF5-18665B612C0C}.Release|Mixed Platforms.ActiveCfg = Release|Win32
		{C62B2353-3296-4213-BCF5-18665B612C0C}.Release|Mixed Platforms.Build.0 = Release|Win32
		{C62B2353-3296-4213-BCF5-18665B612C0C}.Release|Win32.ActiveCfg = Release|Win32
		{C62B2353-3296-4213-BCF5-18665B612C0C}.Release|Win32.Build.0 = Release|Win32
		{C62B2353-3296-4213-BCF5-18665B612C0C}.Release|Windows Mobile 5.0 Pocket PC SDK (ARMV4I).ActiveCfg = Release|Win32
		{C62B2353-3296-4213-BCF5-18665B612C0C}.Release|x64.ActiveCfg = Release|x64
		{C62B2353-3296-4213-BCF5-18665B612C0C}.Release|x64.Build.0 = Release|x64
		{50241B71-FE07-4C82-97EC-9F002B90743F}.Debug|Any CPU.ActiveCfg = Debug|Win32
		{50241B71-FE07-4C82-97EC-9F002B90743F}.Debug|Mixed Platforms.ActiveCfg = Debug|Win32
		{50241B71-FE07-4C82-97EC-9F002B90743F}.Debug|Mixed Platforms.Build.0 = Debug|Win32
		{50241B71-FE07-4C82-97EC-9F002B90743F}.Debug|Win32.ActiveCfg = Debug|Win32
		{50241B71-FE07-4C82-97EC-9F002B90743F}.Debug|Win32.Build.0 = Debug|Win32
		{50241B71-FE07-4C82-97EC-9F002B90743F}.Debug|Windows Mobile 5.0 Pocket PC SDK (ARMV4I).ActiveCfg = Debug|Win32
		{50241B71-FE07-4C82-97EC-9F002B90743F}.Debug|x64.ActiveCfg = Debug|Win32
		{50241B71-FE07-4C82-97EC-9F002B90743F}.Release|Any CPU.ActiveCfg = Release|Win32
		{50241B71-FE07-4C82-97EC-9F002B90743F}.Release|Mixed Platforms.ActiveCfg = Release|Win32
		{50241B71-FE07-4C82-97EC-9F002B90743F}.Release|Mixed Platforms.Build.0 = Release|Win32
		{50241B71-FE07-4C82-97EC-9F002B90743F}.Release|Win32.ActiveCfg = Release|Win32
		{50241B71-FE07-4C82-97EC-9F002B90743F}.Release|Win32.Build.0 = Release|Win32
		{50241B71-FE07-4C82-97EC-9F002B90743F}.Release|Windows Mobile 5.0 Pocket PC SDK (ARMV4I).ActiveCfg = Release|Win32
		{50241B71-FE07-4C82-97EC-9F002B90743F}.Release|x64.ActiveCfg = Release|Win32
		{50241B71-FE07-4C82-97EC-9F002B90743F}.Release|x64.Build.0 = Release|Win32
		{70AD6FB0-905F-4BEF-9FEF-D57A9FEBE07E}.Debug|Any CPU.ActiveCfg = Debug|Any CPU
		{70AD6FB0-905F-4BEF-9FEF-D57A9FEBE07E}.Debug|Any CPU.Build.0 = Debug|Any CPU
		{70AD6FB0-905F-4BEF-9FEF-D57A9FEBE07E}.Debug|Mixed Platforms.ActiveCfg = Debug|Any CPU
		{70AD6FB0-905F-4BEF-9FEF-D57A9FEBE07E}.Debug|Mixed Platforms.Build.0 = Debug|Any CPU
		{70AD6FB0-905F-4BEF-9FEF-D57A9FEBE07E}.Debug|Win32.ActiveCfg = Debug|Any CPU
		{70AD6FB0-905F-4BEF-9FEF-D57A9FEBE07E}.Debug|Windows Mobile 5.0 Pocket PC SDK (ARMV4I).ActiveCfg = Debug|Any CPU
		{70AD6FB0-905F-4BEF-9FEF-D57A9FEBE07E}.Debug|x64.ActiveCfg = Debug|Any CPU
		{70AD6FB0-905F-4BEF-9FEF-D57A9FEBE07E}.Debug|x64.Build.0 = Debug|Any CPU
		{70AD6FB0-905F-4BEF-9FEF-D57A9FEBE07E}.Release|Any CPU.ActiveCfg = Release|Any CPU
		{70AD6FB0-905F-4BEF-9FEF-D57A9FEBE07E}.Release|Any CPU.Build.0 = Release|Any CPU
		{70AD6FB0-905F-4BEF-9FEF-D57A9FEBE07E}.Release|Mixed Platforms.ActiveCfg = Release|Any CPU
		{70AD6FB0-905F-4BEF-9FEF-D57A9FEBE07E}.Release|Mixed Platforms.Build.0 = Release|Any CPU
		{70AD6FB0-905F-4BEF-9FEF-D57A9FEBE07E}.Release|Win32.ActiveCfg = Release|Any CPU
		{70AD6FB0-905F-4BEF-9FEF-D57A9FEBE07E}.Release|Windows Mobile 5.0 Pocket PC SDK (ARMV4I).ActiveCfg = Release|Any CPU
		{70AD6FB0-905F-4BEF-9FEF-D57A9FEBE07E}.Release|x64.ActiveCfg = Release|Any CPU
		{70AD6FB0-905F-4BEF-9FEF-D57A9FEBE07E}.Release|x64.Build.0 = Release|Any CPU
	EndGlobalSection
	GlobalSection(SolutionProperties) = preSolution
		HideSolutionNode = FALSE
	EndGlobalSection
	GlobalSection(ExtensibilityGlobals) = postSolution
		SolutionGuid = {D22C7881-521B-4912-8DD4-5064FC79AF5E}
	EndGlobalSection
EndGlobal
